
Microsoft Visual Studio Solution File, Format Version 12.00
# Visual Studio Version 16
VisualStudioVersion = 16.0.30225.117
MinimumVisualStudioVersion = 10.0.40219.1
Project("{FAE04EC0-301F-11D3-BF4B-00C04F79EFBC}") = "OOPFinal", "OOPFinal\OOPFinal.csproj", "{B39E5562-6B4C-4AB8-BFD1-E07EC625D71C}"
EndProject
Global
	GlobalSection(SolutionConfigurationPlatforms) = preSolution
		Debug|Any CPU = Debug|Any CPU
		Release|Any CPU = Release|Any CPU
	EndGlobalSection
	GlobalSection(ProjectConfigurationPlatforms) = postSolution
		{B39E5562-6B4C-4AB8-BFD1-E07EC625D71C}.Debug|Any CPU.ActiveCfg = Debug|Any CPU
		{B39E5562-6B4C-4AB8-BFD1-E07EC625D71C}.Debug|Any CPU.Build.0 = Debug|Any CPU
		{B39E5562-6B4C-4AB8-BFD1-E07EC625D71C}.Release|Any CPU.ActiveCfg = Release|Any CPU
		{B39E5562-6B4C-4AB8-BFD1-E07EC625D71C}.Release|Any CPU.Build.0 = Release|Any CPU
	EndGlobalSection
	GlobalSection(SolutionProperties) = preSolution
		HideSolutionNode = FALSE
	EndGlobalSection
	GlobalSection(ExtensibilityGlobals) = postSolution
		SolutionGuid = {B3ED1505-07EB-422C-A821-93AAF4B13CAA}
	EndGlobalSection
EndGlobal
